
Microsoft Visual Studio Solution File, Format Version 12.00
# Visual Studio Version 17
VisualStudioVersion = 17.4.33205.214
MinimumVisualStudioVersion = 10.0.40219.1
Project("{9A19103F-16F7-4668-BE54-9A1E7A4F7556}") = "ProyectoConsolaA", "ProyectoConsolaA\ProyectoConsolaA.csproj", "{08E4410D-3B53-472E-B3BD-2307ED53EC42}"
EndProject
Project("{FAE04EC0-301F-11D3-BF4B-00C04F79EFBC}") = "ProyectoEscritorioA", "ProyectoEscritorioA\ProyectoEscritorioA.csproj", "{AF069870-4FEE-41A6-ACAA-CD6CD715DCF4}"
EndProject
Project("{9A19103F-16F7-4668-BE54-9A1E7A4F7556}") = "ProyectoWebA", "ProyectoWebA\ProyectoWebA.csproj", "{2F202730-06C5-4FD1-9395-D9E9B44B0E35}"
EndProject
Project("{2150E333-8FDC-42A3-9474-1A3956D46DE8}") = "ProyectosConsola", "ProyectosConsola", "{CE4E7E1A-C75F-4735-A28A-D00BE349F9A0}"
EndProject
Project("{2150E333-8FDC-42A3-9474-1A3956D46DE8}") = "ProyectosEscritorio", "ProyectosEscritorio", "{E5A12865-9B6F-4377-A5B7-3CFC75FE1EBD}"
EndProject
Project("{2150E333-8FDC-42A3-9474-1A3956D46DE8}") = "ProyectosWeb", "ProyectosWeb", "{4DBE55C5-7DCA-4A46-A67F-F1B7F174987E}"
EndProject
Project("{2150E333-8FDC-42A3-9474-1A3956D46DE8}") = "MS", "MS", "{4771FC79-162E-4C87-96F4-BDBE28E414DB}"
EndProject
Project("{2150E333-8FDC-42A3-9474-1A3956D46DE8}") = "Ms.Producto", "Ms.Producto", "{785CF5A4-19BD-4B62-AE51-82B3A1471B6F}"
EndProject
Project("{9A19103F-16F7-4668-BE54-9A1E7A4F7556}") = "TDA.Ms.Producto.API", "TDA.Ms.Producto.API\TDA.Ms.Producto.API.csproj", "{D87A7B7E-F54F-4CD8-854C-A09695FE7A03}"
EndProject
Project("{9A19103F-16F7-4668-BE54-9A1E7A4F7556}") = "TDA.Ms.Producto.Infraestructura", "TDA.Ms.Producto.Infraestructura\TDA.Ms.Producto.Infraestructura.csproj", "{5C375436-5F49-4311-B96E-A9BD4AEE3AFB}"
EndProject
Project("{9A19103F-16F7-4668-BE54-9A1E7A4F7556}") = "TDA.Ms.Producto.Dominio", "TDA.Ms.Producto.Dominio\TDA.Ms.Producto.Dominio.csproj", "{65DEA4C0-D410-40B7-8D5E-2E91A5582BAC}"
EndProject
Project("{9A19103F-16F7-4668-BE54-9A1E7A4F7556}") = "TDA.Ms.Producto.Aplicacion", "TDA.Ms.Producto.Aplicacion\TDA.Ms.Producto.Aplicacion.csproj", "{606A1790-5A53-4754-BFCD-87A5D436A947}"
EndProject
Project("{2150E333-8FDC-42A3-9474-1A3956D46DE8}") = "MsCliente", "MsCliente", "{0AD0DC66-591F-4F38-BCC3-4EB71CADFBAC}"
EndProject
Project("{9A19103F-16F7-4668-BE54-9A1E7A4F7556}") = "TDA.Ms.Cliente.Infraestructura", "TDA.Ms.Cliente.Infraestructura\TDA.Ms.Cliente.Infraestructura.csproj", "{5837F644-289B-4201-AB16-B90DF699A6A6}"
EndProject
Project("{9A19103F-16F7-4668-BE54-9A1E7A4F7556}") = "TDA.Ms.Cliente.Dominio", "TDA.Ms.Cliente.Dominio\TDA.Ms.Cliente.Dominio.csproj", "{F5487A56-33B8-4D51-A97C-99F006DA60E7}"
EndProject
Project("{9A19103F-16F7-4668-BE54-9A1E7A4F7556}") = "TDA.Ms.Cliente.Aplicacion", "TDA.Ms.Cliente.Aplicacion\TDA.Ms.Cliente.Aplicacion.csproj", "{8F532268-3BAA-4123-A84D-7795D0DA9D81}"
EndProject
Project("{9A19103F-16F7-4668-BE54-9A1E7A4F7556}") = "TDA.Ms.Cliente.API", "TDA.Ms.Cliente.API\TDA.Ms.Cliente.API.csproj", "{738B09FB-8134-4A5A-9C9F-A770C4637EB1}"
EndProject
Project("{2150E333-8FDC-42A3-9474-1A3956D46DE8}") = "API Gateway", "API Gateway", "{3ED775DF-2AF0-425C-A02E-243E6D9DD485}"
EndProject
Project("{9A19103F-16F7-4668-BE54-9A1E7A4F7556}") = "TDA.Ms.Gateway.API", "TDA.Ms.Gateway.API\TDA.Ms.Gateway.API.csproj", "{F9642C1F-929E-4FD2-97A0-F95B0D30DA78}"
EndProject
Project("{9A19103F-16F7-4668-BE54-9A1E7A4F7556}") = "TDA.Ms.Gateway.Aplicacion", "TDA.Ms.Gateway.Aplicacion\TDA.Ms.Gateway.Aplicacion.csproj", "{D8F74584-FCF4-4DB6-87C4-283C5D87E215}"
EndProject
Global
	GlobalSection(SolutionConfigurationPlatforms) = preSolution
		Debug|Any CPU = Debug|Any CPU
		Release|Any CPU = Release|Any CPU
	EndGlobalSection
	GlobalSection(ProjectConfigurationPlatforms) = postSolution
		{08E4410D-3B53-472E-B3BD-2307ED53EC42}.Debug|Any CPU.ActiveCfg = Debug|Any CPU
		{08E4410D-3B53-472E-B3BD-2307ED53EC42}.Debug|Any CPU.Build.0 = Debug|Any CPU
		{08E4410D-3B53-472E-B3BD-2307ED53EC42}.Release|Any CPU.ActiveCfg = Release|Any CPU
		{08E4410D-3B53-472E-B3BD-2307ED53EC42}.Release|Any CPU.Build.0 = Release|Any CPU
		{AF069870-4FEE-41A6-ACAA-CD6CD715DCF4}.Debug|Any CPU.ActiveCfg = Debug|Any CPU
		{AF069870-4FEE-41A6-ACAA-CD6CD715DCF4}.Debug|Any CPU.Build.0 = Debug|Any CPU
		{AF069870-4FEE-41A6-ACAA-CD6CD715DCF4}.Release|Any CPU.ActiveCfg = Release|Any CPU
		{AF069870-4FEE-41A6-ACAA-CD6CD715DCF4}.Release|Any CPU.Build.0 = Release|Any CPU
		{2F202730-06C5-4FD1-9395-D9E9B44B0E35}.Debug|Any CPU.ActiveCfg = Debug|Any CPU
		{2F202730-06C5-4FD1-9395-D9E9B44B0E35}.Debug|Any CPU.Build.0 = Debug|Any CPU
		{2F202730-06C5-4FD1-9395-D9E9B44B0E35}.Release|Any CPU.ActiveCfg = Release|Any CPU
		{2F202730-06C5-4FD1-9395-D9E9B44B0E35}.Release|Any CPU.Build.0 = Release|Any CPU
		{D87A7B7E-F54F-4CD8-854C-A09695FE7A03}.Debug|Any CPU.ActiveCfg = Debug|Any CPU
		{D87A7B7E-F54F-4CD8-854C-A09695FE7A03}.Debug|Any CPU.Build.0 = Debug|Any CPU
		{D87A7B7E-F54F-4CD8-854C-A09695FE7A03}.Release|Any CPU.ActiveCfg = Release|Any CPU
		{D87A7B7E-F54F-4CD8-854C-A09695FE7A03}.Release|Any CPU.Build.0 = Release|Any CPU
		{5C375436-5F49-4311-B96E-A9BD4AEE3AFB}.Debug|Any CPU.ActiveCfg = Debug|Any CPU
		{5C375436-5F49-4311-B96E-A9BD4AEE3AFB}.Debug|Any CPU.Build.0 = Debug|Any CPU
		{5C375436-5F49-4311-B96E-A9BD4AEE3AFB}.Release|Any CPU.ActiveCfg = Release|Any CPU
		{5C375436-5F49-4311-B96E-A9BD4AEE3AFB}.Release|Any CPU.Build.0 = Release|Any CPU
		{65DEA4C0-D410-40B7-8D5E-2E91A5582BAC}.Debug|Any CPU.ActiveCfg = Debug|Any CPU
		{65DEA4C0-D410-40B7-8D5E-2E91A5582BAC}.Debug|Any CPU.Build.0 = Debug|Any CPU
		{65DEA4C0-D410-40B7-8D5E-2E91A5582BAC}.Release|Any CPU.ActiveCfg = Release|Any CPU
		{65DEA4C0-D410-40B7-8D5E-2E91A5582BAC}.Release|Any CPU.Build.0 = Release|Any CPU
		{606A1790-5A53-4754-BFCD-87A5D436A947}.Debug|Any CPU.ActiveCfg = Debug|Any CPU
		{606A1790-5A53-4754-BFCD-87A5D436A947}.Debug|Any CPU.Build.0 = Debug|Any CPU
		{606A1790-5A53-4754-BFCD-87A5D436A947}.Release|Any CPU.ActiveCfg = Release|Any CPU
		{606A1790-5A53-4754-BFCD-87A5D436A947}.Release|Any CPU.Build.0 = Release|Any CPU
		{5837F644-289B-4201-AB16-B90DF699A6A6}.Debug|Any CPU.ActiveCfg = Debug|Any CPU
		{5837F644-289B-4201-AB16-B90DF699A6A6}.Debug|Any CPU.Build.0 = Debug|Any CPU
		{5837F644-289B-4201-AB16-B90DF699A6A6}.Release|Any CPU.ActiveCfg = Release|Any CPU
		{5837F644-289B-4201-AB16-B90DF699A6A6}.Release|Any CPU.Build.0 = Release|Any CPU
		{F5487A56-33B8-4D51-A97C-99F006DA60E7}.Debug|Any CPU.ActiveCfg = Debug|Any CPU
		{F5487A56-33B8-4D51-A97C-99F006DA60E7}.Debug|Any CPU.Build.0 = Debug|Any CPU
		{F5487A56-33B8-4D51-A97C-99F006DA60E7}.Release|Any CPU.ActiveCfg = Release|Any CPU
		{F5487A56-33B8-4D51-A97C-99F006DA60E7}.Release|Any CPU.Build.0 = Release|Any CPU
		{8F532268-3BAA-4123-A84D-7795D0DA9D81}.Debug|Any CPU.ActiveCfg = Debug|Any CPU
		{8F532268-3BAA-4123-A84D-7795D0DA9D81}.Debug|Any CPU.Build.0 = Debug|Any CPU
		{8F532268-3BAA-4123-A84D-7795D0DA9D81}.Release|Any CPU.ActiveCfg = Release|Any CPU
		{8F532268-3BAA-4123-A84D-7795D0DA9D81}.Release|Any CPU.Build.0 = Release|Any CPU
		{738B09FB-8134-4A5A-9C9F-A770C4637EB1}.Debug|Any CPU.ActiveCfg = Debug|Any CPU
		{738B09FB-8134-4A5A-9C9F-A770C4637EB1}.Debug|Any CPU.Build.0 = Debug|Any CPU
		{738B09FB-8134-4A5A-9C9F-A770C4637EB1}.Release|Any CPU.ActiveCfg = Release|Any CPU
		{738B09FB-8134-4A5A-9C9F-A770C4637EB1}.Release|Any CPU.Build.0 = Release|Any CPU
		{F9642C1F-929E-4FD2-97A0-F95B0D30DA78}.Debug|Any CPU.ActiveCfg = Debug|Any CPU
		{F9642C1F-929E-4FD2-97A0-F95B0D30DA78}.Debug|Any CPU.Build.0 = Debug|Any CPU
		{F9642C1F-929E-4FD2-97A0-F95B0D30DA78}.Release|Any CPU.ActiveCfg = Release|Any CPU
		{F9642C1F-929E-4FD2-97A0-F95B0D30DA78}.Release|Any CPU.Build.0 = Release|Any CPU
		{D8F74584-FCF4-4DB6-87C4-283C5D87E215}.Debug|Any CPU.ActiveCfg = Debug|Any CPU
		{D8F74584-FCF4-4DB6-87C4-283C5D87E215}.Debug|Any CPU.Build.0 = Debug|Any CPU
		{D8F74584-FCF4-4DB6-87C4-283C5D87E215}.Release|Any CPU.ActiveCfg = Release|Any CPU
		{D8F74584-FCF4-4DB6-87C4-283C5D87E215}.Release|Any CPU.Build.0 = Release|Any CPU
	EndGlobalSection
	GlobalSection(SolutionProperties) = preSolution
		HideSolutionNode = FALSE
	EndGlobalSection
	GlobalSection(NestedProjects) = preSolution
		{08E4410D-3B53-472E-B3BD-2307ED53EC42} = {CE4E7E1A-C75F-4735-A28A-D00BE349F9A0}
		{AF069870-4FEE-41A6-ACAA-CD6CD715DCF4} = {E5A12865-9B6F-4377-A5B7-3CFC75FE1EBD}
		{2F202730-06C5-4FD1-9395-D9E9B44B0E35} = {4DBE55C5-7DCA-4A46-A67F-F1B7F174987E}
		{785CF5A4-19BD-4B62-AE51-82B3A1471B6F} = {4771FC79-162E-4C87-96F4-BDBE28E414DB}
		{D87A7B7E-F54F-4CD8-854C-A09695FE7A03} = {785CF5A4-19BD-4B62-AE51-82B3A1471B6F}
		{5C375436-5F49-4311-B96E-A9BD4AEE3AFB} = {785CF5A4-19BD-4B62-AE51-82B3A1471B6F}
		{65DEA4C0-D410-40B7-8D5E-2E91A5582BAC} = {785CF5A4-19BD-4B62-AE51-82B3A1471B6F}
		{606A1790-5A53-4754-BFCD-87A5D436A947} = {785CF5A4-19BD-4B62-AE51-82B3A1471B6F}
		{0AD0DC66-591F-4F38-BCC3-4EB71CADFBAC} = {4771FC79-162E-4C87-96F4-BDBE28E414DB}
		{5837F644-289B-4201-AB16-B90DF699A6A6} = {0AD0DC66-591F-4F38-BCC3-4EB71CADFBAC}
		{F5487A56-33B8-4D51-A97C-99F006DA60E7} = {0AD0DC66-591F-4F38-BCC3-4EB71CADFBAC}
		{8F532268-3BAA-4123-A84D-7795D0DA9D81} = {0AD0DC66-591F-4F38-BCC3-4EB71CADFBAC}
		{738B09FB-8134-4A5A-9C9F-A770C4637EB1} = {0AD0DC66-591F-4F38-BCC3-4EB71CADFBAC}
		{F9642C1F-929E-4FD2-97A0-F95B0D30DA78} = {3ED775DF-2AF0-425C-A02E-243E6D9DD485}
		{D8F74584-FCF4-4DB6-87C4-283C5D87E215} = {3ED775DF-2AF0-425C-A02E-243E6D9DD485}
	EndGlobalSection
	GlobalSection(ExtensibilityGlobals) = postSolution
		SolutionGuid = {516245C6-DFC9-4E02-9BA8-789FFA35F26B}
	EndGlobalSection
EndGlobal
